
Microsoft Visual Studio Solution File, Format Version 12.00
# Visual Studio Version 17
VisualStudioVersion = 17.6.33712.159
MinimumVisualStudioVersion = 10.0.40219.1
Project("{9A19103F-16F7-4668-BE54-9A1E7A4F7556}") = "SQLServerUI", "SQLServerUI\SQLServerUI.csproj", "{503B30AC-D5E8-4A11-A70B-749171B333B2}"
EndProject
Project("{9A19103F-16F7-4668-BE54-9A1E7A4F7556}") = "DataAccessLibrary", "DataAccessLibrary\DataAccessLibrary.csproj", "{23EDBE28-A624-4ECD-B3A3-5479DE495A80}"
EndProject
Project("{00D1A9C2-B5F0-4AF3-8072-F6C62B433612}") = "SQLContactDB", "SQLContactDB\SQLContactDB.sqlproj", "{160CF809-F936-45D4-A1D2-BA945F5F0E07}"
EndProject
Global
	GlobalSection(SolutionConfigurationPlatforms) = preSolution
		Debug|Any CPU = Debug|Any CPU
		Release|Any CPU = Release|Any CPU
	EndGlobalSection
	GlobalSection(ProjectConfigurationPlatforms) = postSolution
		{503B30AC-D5E8-4A11-A70B-749171B333B2}.Debug|Any CPU.ActiveCfg = Debug|Any CPU
		{503B30AC-D5E8-4A11-A70B-749171B333B2}.Debug|Any CPU.Build.0 = Debug|Any CPU
		{503B30AC-D5E8-4A11-A70B-749171B333B2}.Release|Any CPU.ActiveCfg = Release|Any CPU
		{503B30AC-D5E8-4A11-A70B-749171B333B2}.Release|Any CPU.Build.0 = Release|Any CPU
		{23EDBE28-A624-4ECD-B3A3-5479DE495A80}.Debug|Any CPU.ActiveCfg = Debug|Any CPU
		{23EDBE28-A624-4ECD-B3A3-5479DE495A80}.Debug|Any CPU.Build.0 = Debug|Any CPU
		{23EDBE28-A624-4ECD-B3A3-5479DE495A80}.Release|Any CPU.ActiveCfg = Release|Any CPU
		{23EDBE28-A624-4ECD-B3A3-5479DE495A80}.Release|Any CPU.Build.0 = Release|Any CPU
		{160CF809-F936-45D4-A1D2-BA945F5F0E07}.Debug|Any CPU.ActiveCfg = Debug|Any CPU
		{160CF809-F936-45D4-A1D2-BA945F5F0E07}.Debug|Any CPU.Build.0 = Debug|Any CPU
		{160CF809-F936-45D4-A1D2-BA945F5F0E07}.Debug|Any CPU.Deploy.0 = Debug|Any CPU
		{160CF809-F936-45D4-A1D2-BA945F5F0E07}.Release|Any CPU.ActiveCfg = Release|Any CPU
		{160CF809-F936-45D4-A1D2-BA945F5F0E07}.Release|Any CPU.Build.0 = Release|Any CPU
		{160CF809-F936-45D4-A1D2-BA945F5F0E07}.Release|Any CPU.Deploy.0 = Release|Any CPU
	EndGlobalSection
	GlobalSection(SolutionProperties) = preSolution
		HideSolutionNode = FALSE
	EndGlobalSection
	GlobalSection(ExtensibilityGlobals) = postSolution
		SolutionGuid = {6D3240C3-3992-44FD-B588-0A919BDE1E51}
	EndGlobalSection
EndGlobal
